
Microsoft Visual Studio Solution File, Format Version 12.00
# Visual Studio 15
VisualStudioVersion = 15.0.27130.2010
MinimumVisualStudioVersion = 10.0.40219.1
Project("{FAE04EC0-301F-11D3-BF4B-00C04F79EFBC}") = "TradingAssistant", "TradingAssistant\TradingAssistant.csproj", "{4F7E4583-110A-439B-8B8E-BE792C885101}"
EndProject
Project("{FAE04EC0-301F-11D3-BF4B-00C04F79EFBC}") = "TradingAssistantViewModel", "TradingAssistantViewModel\TradingAssistantViewModel.csproj", "{05BE0073-ED0E-4EC5-98E6-CD53620DAC6F}"
EndProject
Project("{FAE04EC0-301F-11D3-BF4B-00C04F79EFBC}") = "TradingAssistantViewModelTests", "TradingAssistantViewModelTests\TradingAssistantViewModelTests.csproj", "{103709DD-7ED4-490F-B931-A7768D8D2903}"
EndProject
Global
	GlobalSection(SolutionConfigurationPlatforms) = preSolution
		Debug|Any CPU = Debug|Any CPU
		Debug|x64 = Debug|x64
		Debug|x86 = Debug|x86
		Release|Any CPU = Release|Any CPU
		Release|x64 = Release|x64
		Release|x86 = Release|x86
	EndGlobalSection
	GlobalSection(ProjectConfigurationPlatforms) = postSolution
		{4F7E4583-110A-439B-8B8E-BE792C885101}.Debug|Any CPU.ActiveCfg = Debug|Any CPU
		{4F7E4583-110A-439B-8B8E-BE792C885101}.Debug|Any CPU.Build.0 = Debug|Any CPU
		{4F7E4583-110A-439B-8B8E-BE792C885101}.Debug|x64.ActiveCfg = Debug|Any CPU
		{4F7E4583-110A-439B-8B8E-BE792C885101}.Debug|x64.Build.0 = Debug|Any CPU
		{4F7E4583-110A-439B-8B8E-BE792C885101}.Debug|x86.ActiveCfg = Debug|Any CPU
		{4F7E4583-110A-439B-8B8E-BE792C885101}.Debug|x86.Build.0 = Debug|Any CPU
		{4F7E4583-110A-439B-8B8E-BE792C885101}.Release|Any CPU.ActiveCfg = Release|Any CPU
		{4F7E4583-110A-439B-8B8E-BE792C885101}.Release|Any CPU.Build.0 = Release|Any CPU
		{4F7E4583-110A-439B-8B8E-BE792C885101}.Release|x64.ActiveCfg = Release|Any CPU
		{4F7E4583-110A-439B-8B8E-BE792C885101}.Release|x64.Build.0 = Release|Any CPU
		{4F7E4583-110A-439B-8B8E-BE792C885101}.Release|x86.ActiveCfg = Release|Any CPU
		{4F7E4583-110A-439B-8B8E-BE792C885101}.Release|x86.Build.0 = Release|Any CPU
		{05BE0073-ED0E-4EC5-98E6-CD53620DAC6F}.Debug|Any CPU.ActiveCfg = Debug|Any CPU
		{05BE0073-ED0E-4EC5-98E6-CD53620DAC6F}.Debug|Any CPU.Build.0 = Debug|Any CPU
		{05BE0073-ED0E-4EC5-98E6-CD53620DAC6F}.Debug|x64.ActiveCfg = Debug|Any CPU
		{05BE0073-ED0E-4EC5-98E6-CD53620DAC6F}.Debug|x64.Build.0 = Debug|Any CPU
		{05BE0073-ED0E-4EC5-98E6-CD53620DAC6F}.Debug|x86.ActiveCfg = Debug|Any CPU
		{05BE0073-ED0E-4EC5-98E6-CD53620DAC6F}.Debug|x86.Build.0 = Debug|Any CPU
		{05BE0073-ED0E-4EC5-98E6-CD53620DAC6F}.Release|Any CPU.ActiveCfg = Release|Any CPU
		{05BE0073-ED0E-4EC5-98E6-CD53620DAC6F}.Release|Any CPU.Build.0 = Release|Any CPU
		{05BE0073-ED0E-4EC5-98E6-CD53620DAC6F}.Release|x64.ActiveCfg = Release|Any CPU
		{05BE0073-ED0E-4EC5-98E6-CD53620DAC6F}.Release|x64.Build.0 = Release|Any CPU
		{05BE0073-ED0E-4EC5-98E6-CD53620DAC6F}.Release|x86.ActiveCfg = Release|Any CPU
		{05BE0073-ED0E-4EC5-98E6-CD53620DAC6F}.Release|x86.Build.0 = Release|Any CPU
		{103709DD-7ED4-490F-B931-A7768D8D2903}.Debug|Any CPU.ActiveCfg = Debug|Any CPU
		{103709DD-7ED4-490F-B931-A7768D8D2903}.Debug|Any CPU.Build.0 = Debug|Any CPU
		{103709DD-7ED4-490F-B931-A7768D8D2903}.Debug|x64.ActiveCfg = Debug|Any CPU
		{103709DD-7ED4-490F-B931-A7768D8D2903}.Debug|x64.Build.0 = Debug|Any CPU
		{103709DD-7ED4-490F-B931-A7768D8D2903}.Debug|x86.ActiveCfg = Debug|Any CPU
		{103709DD-7ED4-490F-B931-A7768D8D2903}.Debug|x86.Build.0 = Debug|Any CPU
		{103709DD-7ED4-490F-B931-A7768D8D2903}.Release|Any CPU.ActiveCfg = Release|Any CPU
		{103709DD-7ED4-490F-B931-A7768D8D2903}.Release|Any CPU.Build.0 = Release|Any CPU
		{103709DD-7ED4-490F-B931-A7768D8D2903}.Release|x64.ActiveCfg = Release|Any CPU
		{103709DD-7ED4-490F-B931-A7768D8D2903}.Release|x64.Build.0 = Release|Any CPU
		{103709DD-7ED4-490F-B931-A7768D8D2903}.Release|x86.ActiveCfg = Release|Any CPU
		{103709DD-7ED4-490F-B931-A7768D8D2903}.Release|x86.Build.0 = Release|Any CPU
	EndGlobalSection
	GlobalSection(SolutionProperties) = preSolution
		HideSolutionNode = FALSE
	EndGlobalSection
	GlobalSection(ExtensibilityGlobals) = postSolution
		SolutionGuid = {DC17ECF3-E850-4C2D-83DD-DF362075E93A}
	EndGlobalSection
EndGlobal
